// !$*UTF8*$!
{
	archiveVersion = 1;
	classes = {
	};
	objectVersion = 51;
	objects = {

/* Begin PBXBuildFile section */
		0632997490B0EACC86AD8AA0 /* Pods_NewsAppTests.framework in Frameworks */ = {isa = PBXBuildFile; fileRef = F6358AF2054880F66A15718C /* Pods_NewsAppTests.framework */; };
		320A4FA023C3111400E8E6CD /* NewsListTableViewCell.swift in Sources */ = {isa = PBXBuildFile; fileRef = 320A4F9F23C3111400E8E6CD /* NewsListTableViewCell.swift */; };
		320A4FA323C31FAB00E8E6CD /* NewsDataManager.swift in Sources */ = {isa = PBXBuildFile; fileRef = 320A4FA223C31FAB00E8E6CD /* NewsDataManager.swift */; };
		320A4FA523C31FB900E8E6CD /* NewsAPIClient.swift in Sources */ = {isa = PBXBuildFile; fileRef = 320A4FA423C31FB900E8E6CD /* NewsAPIClient.swift */; };
		320A4FA723C31FEE00E8E6CD /* News.swift in Sources */ = {isa = PBXBuildFile; fileRef = 320A4FA623C31FEE00E8E6CD /* News.swift */; };
		320A4FAA23C3215300E8E6CD /* NewsListViewModel.swift in Sources */ = {isa = PBXBuildFile; fileRef = 320A4FA923C3215300E8E6CD /* NewsListViewModel.swift */; };
		320A4FAC23C363DB00E8E6CD /* NewsDetailImageTableViewCell.swift in Sources */ = {isa = PBXBuildFile; fileRef = 320A4FAB23C363DB00E8E6CD /* NewsDetailImageTableViewCell.swift */; };
		320A4FAE23C363F000E8E6CD /* NewsDetailDescTableViewCell.swift in Sources */ = {isa = PBXBuildFile; fileRef = 320A4FAD23C363F000E8E6CD /* NewsDetailDescTableViewCell.swift */; };
		3271591F23C1F68E00B30554 /* AppDelegate.swift in Sources */ = {isa = PBXBuildFile; fileRef = 3271591E23C1F68E00B30554 /* AppDelegate.swift */; };
		3271592423C1F68E00B30554 /* Main.storyboard in Resources */ = {isa = PBXBuildFile; fileRef = 3271592223C1F68E00B30554 /* Main.storyboard */; };
		3271592623C1F69000B30554 /* Assets.xcassets in Resources */ = {isa = PBXBuildFile; fileRef = 3271592523C1F69000B30554 /* Assets.xcassets */; };
		3271592923C1F69000B30554 /* LaunchScreen.storyboard in Resources */ = {isa = PBXBuildFile; fileRef = 3271592723C1F69000B30554 /* LaunchScreen.storyboard */; };
		3271593423C1F69000B30554 /* NewsAppTests.swift in Sources */ = {isa = PBXBuildFile; fileRef = 3271593323C1F69000B30554 /* NewsAppTests.swift */; };
		3271593F23C1F69100B30554 /* NewsAppUITests.swift in Sources */ = {isa = PBXBuildFile; fileRef = 3271593E23C1F69100B30554 /* NewsAppUITests.swift */; };
		3271595D23C20C8B00B30554 /* LandingViewController.swift in Sources */ = {isa = PBXBuildFile; fileRef = 3271595C23C20C8B00B30554 /* LandingViewController.swift */; };
		3271595F23C20DD500B30554 /* SignInViewController.swift in Sources */ = {isa = PBXBuildFile; fileRef = 3271595E23C20DD500B30554 /* SignInViewController.swift */; };
		3271596123C20DEE00B30554 /* SignUpViewController.swift in Sources */ = {isa = PBXBuildFile; fileRef = 3271596023C20DEE00B30554 /* SignUpViewController.swift */; };
		3271596323C20F8300B30554 /* NewsListViewController.swift in Sources */ = {isa = PBXBuildFile; fileRef = 3271596223C20F8300B30554 /* NewsListViewController.swift */; };
		3271596523C210C800B30554 /* NewsDetailViewController.swift in Sources */ = {isa = PBXBuildFile; fileRef = 3271596423C210C800B30554 /* NewsDetailViewController.swift */; };
		3271596A23C2191600B30554 /* MyriadPro-Bold.otf in Resources */ = {isa = PBXBuildFile; fileRef = 3271596923C218A200B30554 /* MyriadPro-Bold.otf */; };
		3271596B23C2191600B30554 /* MyriadPro-Light.otf in Resources */ = {isa = PBXBuildFile; fileRef = 3271596823C218A200B30554 /* MyriadPro-Light.otf */; };
		3271596C23C2191600B30554 /* MyriadPro-Regular.otf in Resources */ = {isa = PBXBuildFile; fileRef = 3271596723C218A200B30554 /* MyriadPro-Regular.otf */; };
		32A6343523C3B2BF0011720B /* NewsUtil.swift in Sources */ = {isa = PBXBuildFile; fileRef = 32A6343423C3B2BF0011720B /* NewsUtil.swift */; };
		32A6343723C3B3A30011720B /* KeychainService.swift in Sources */ = {isa = PBXBuildFile; fileRef = 32A6343623C3B3A30011720B /* KeychainService.swift */; };
		688E4DA6A33A3C76CAD61502 /* Pods_NewsApp.framework in Frameworks */ = {isa = PBXBuildFile; fileRef = 834943A3925FDA0FEF495ADE /* Pods_NewsApp.framework */; };
		98123863CCB04279F6F8EE57 /* Pods_NewsAppUITests.framework in Frameworks */ = {isa = PBXBuildFile; fileRef = CA8E84C4738051E3FE6F95C0 /* Pods_NewsAppUITests.framework */; };
/* End PBXBuildFile section */

/* Begin PBXContainerItemProxy section */
		3271593023C1F69000B30554 /* PBXContainerItemProxy */ = {
			isa = PBXContainerItemProxy;
			containerPortal = 3271591323C1F68E00B30554 /* Project object */;
			proxyType = 1;
			remoteGlobalIDString = 3271591A23C1F68E00B30554;
			remoteInfo = NewsApp;
		};
		3271593B23C1F69000B30554 /* PBXContainerItemProxy */ = {
			isa = PBXContainerItemProxy;
			containerPortal = 3271591323C1F68E00B30554 /* Project object */;
			proxyType = 1;
			remoteGlobalIDString = 3271591A23C1F68E00B30554;
			remoteInfo = NewsApp;
		};
/* End PBXContainerItemProxy section */

/* Begin PBXFileReference section */
		05172E64914A3A7303E092EA /* Pods-NewsApp.debug.xcconfig */ = {isa = PBXFileReference; includeInIndex = 1; lastKnownFileType = text.xcconfig; name = "Pods-NewsApp.debug.xcconfig"; path = "Pods/Target Support Files/Pods-NewsApp/Pods-NewsApp.debug.xcconfig"; sourceTree = "<group>"; };
		320A4F9F23C3111400E8E6CD /* NewsListTableViewCell.swift */ = {isa = PBXFileReference; lastKnownFileType = sourcecode.swift; path = NewsListTableViewCell.swift; sourceTree = "<group>"; };
		320A4FA223C31FAB00E8E6CD /* NewsDataManager.swift */ = {isa = PBXFileReference; lastKnownFileType = sourcecode.swift; path = NewsDataManager.swift; sourceTree = "<group>"; };
		320A4FA423C31FB900E8E6CD /* NewsAPIClient.swift */ = {isa = PBXFileReference; lastKnownFileType = sourcecode.swift; path = NewsAPIClient.swift; sourceTree = "<group>"; };
		320A4FA623C31FEE00E8E6CD /* News.swift */ = {isa = PBXFileReference; lastKnownFileType = sourcecode.swift; path = News.swift; sourceTree = "<group>"; };
		320A4FA923C3215300E8E6CD /* NewsListViewModel.swift */ = {isa = PBXFileReference; lastKnownFileType = sourcecode.swift; path = NewsListViewModel.swift; sourceTree = "<group>"; };
		320A4FAB23C363DB00E8E6CD /* NewsDetailImageTableViewCell.swift */ = {isa = PBXFileReference; lastKnownFileType = sourcecode.swift; path = NewsDetailImageTableViewCell.swift; sourceTree = "<group>"; };
		320A4FAD23C363F000E8E6CD /* NewsDetailDescTableViewCell.swift */ = {isa = PBXFileReference; lastKnownFileType = sourcecode.swift; path = NewsDetailDescTableViewCell.swift; sourceTree = "<group>"; };
		3271591B23C1F68E00B30554 /* NewsApp.app */ = {isa = PBXFileReference; explicitFileType = wrapper.application; includeInIndex = 0; path = NewsApp.app; sourceTree = BUILT_PRODUCTS_DIR; };
		3271591E23C1F68E00B30554 /* AppDelegate.swift */ = {isa = PBXFileReference; lastKnownFileType = sourcecode.swift; path = AppDelegate.swift; sourceTree = "<group>"; };
		3271592323C1F68E00B30554 /* Base */ = {isa = PBXFileReference; lastKnownFileType = file.storyboard; name = Base; path = Base.lproj/Main.storyboard; sourceTree = "<group>"; };
		3271592523C1F69000B30554 /* Assets.xcassets */ = {isa = PBXFileReference; lastKnownFileType = folder.assetcatalog; path = Assets.xcassets; sourceTree = "<group>"; };
		3271592823C1F69000B30554 /* Base */ = {isa = PBXFileReference; lastKnownFileType = file.storyboard; name = Base; path = Base.lproj/LaunchScreen.storyboard; sourceTree = "<group>"; };
		3271592A23C1F69000B30554 /* Info.plist */ = {isa = PBXFileReference; lastKnownFileType = text.plist.xml; path = Info.plist; sourceTree = "<group>"; };
		3271592F23C1F69000B30554 /* NewsAppTests.xctest */ = {isa = PBXFileReference; explicitFileType = wrapper.cfbundle; includeInIndex = 0; path = NewsAppTests.xctest; sourceTree = BUILT_PRODUCTS_DIR; };
		3271593323C1F69000B30554 /* NewsAppTests.swift */ = {isa = PBXFileReference; lastKnownFileType = sourcecode.swift; path = NewsAppTests.swift; sourceTree = "<group>"; };
		3271593523C1F69000B30554 /* Info.plist */ = {isa = PBXFileReference; lastKnownFileType = text.plist.xml; path = Info.plist; sourceTree = "<group>"; };
		3271593A23C1F69000B30554 /* NewsAppUITests.xctest */ = {isa = PBXFileReference; explicitFileType = wrapper.cfbundle; includeInIndex = 0; path = NewsAppUITests.xctest; sourceTree = BUILT_PRODUCTS_DIR; };
		3271593E23C1F69100B30554 /* NewsAppUITests.swift */ = {isa = PBXFileReference; lastKnownFileType = sourcecode.swift; path = NewsAppUITests.swift; sourceTree = "<group>"; };
		3271594023C1F69100B30554 /* Info.plist */ = {isa = PBXFileReference; lastKnownFileType = text.plist.xml; path = Info.plist; sourceTree = "<group>"; };
		3271595C23C20C8B00B30554 /* LandingViewController.swift */ = {isa = PBXFileReference; lastKnownFileType = sourcecode.swift; path = LandingViewController.swift; sourceTree = "<group>"; };
		3271595E23C20DD500B30554 /* SignInViewController.swift */ = {isa = PBXFileReference; lastKnownFileType = sourcecode.swift; path = SignInViewController.swift; sourceTree = "<group>"; };
		3271596023C20DEE00B30554 /* SignUpViewController.swift */ = {isa = PBXFileReference; lastKnownFileType = sourcecode.swift; path = SignUpViewController.swift; sourceTree = "<group>"; };
		3271596223C20F8300B30554 /* NewsListViewController.swift */ = {isa = PBXFileReference; lastKnownFileType = sourcecode.swift; path = NewsListViewController.swift; sourceTree = "<group>"; };
		3271596423C210C800B30554 /* NewsDetailViewController.swift */ = {isa = PBXFileReference; lastKnownFileType = sourcecode.swift; path = NewsDetailViewController.swift; sourceTree = "<group>"; };
		3271596723C218A200B30554 /* MyriadPro-Regular.otf */ = {isa = PBXFileReference; lastKnownFileType = file; path = "MyriadPro-Regular.otf"; sourceTree = "<group>"; };
		3271596823C218A200B30554 /* MyriadPro-Light.otf */ = {isa = PBXFileReference; lastKnownFileType = file; path = "MyriadPro-Light.otf"; sourceTree = "<group>"; };
		3271596923C218A200B30554 /* MyriadPro-Bold.otf */ = {isa = PBXFileReference; lastKnownFileType = file; path = "MyriadPro-Bold.otf"; sourceTree = "<group>"; };
		32A6343423C3B2BF0011720B /* NewsUtil.swift */ = {isa = PBXFileReference; lastKnownFileType = sourcecode.swift; path = NewsUtil.swift; sourceTree = "<group>"; };
		32A6343623C3B3A30011720B /* KeychainService.swift */ = {isa = PBXFileReference; lastKnownFileType = sourcecode.swift; path = KeychainService.swift; sourceTree = "<group>"; };
		834943A3925FDA0FEF495ADE /* Pods_NewsApp.framework */ = {isa = PBXFileReference; explicitFileType = wrapper.framework; includeInIndex = 0; path = Pods_NewsApp.framework; sourceTree = BUILT_PRODUCTS_DIR; };
		94ED92EF45E744635B6D9214 /* Pods-NewsAppTests.debug.xcconfig */ = {isa = PBXFileReference; includeInIndex = 1; lastKnownFileType = text.xcconfig; name = "Pods-NewsAppTests.debug.xcconfig"; path = "Pods/Target Support Files/Pods-NewsAppTests/Pods-NewsAppTests.debug.xcconfig"; sourceTree = "<group>"; };
		AE991D4CFB4645EA2E8D0252 /* Pods-NewsApp.release.xcconfig */ = {isa = PBXFileReference; includeInIndex = 1; lastKnownFileType = text.xcconfig; name = "Pods-NewsApp.release.xcconfig"; path = "Pods/Target Support Files/Pods-NewsApp/Pods-NewsApp.release.xcconfig"; sourceTree = "<group>"; };
		CA8E84C4738051E3FE6F95C0 /* Pods_NewsAppUITests.framework */ = {isa = PBXFileReference; explicitFileType = wrapper.framework; includeInIndex = 0; path = Pods_NewsAppUITests.framework; sourceTree = BUILT_PRODUCTS_DIR; };
		CCD24579CE7BB39CE41B2579 /* Pods-NewsAppTests.release.xcconfig */ = {isa = PBXFileReference; includeInIndex = 1; lastKnownFileType = text.xcconfig; name = "Pods-NewsAppTests.release.xcconfig"; path = "Pods/Target Support Files/Pods-NewsAppTests/Pods-NewsAppTests.release.xcconfig"; sourceTree = "<group>"; };
		EE402BFE32037ECAE4BA077B /* Pods-NewsAppUITests.release.xcconfig */ = {isa = PBXFileReference; includeInIndex = 1; lastKnownFileType = text.xcconfig; name = "Pods-NewsAppUITests.release.xcconfig"; path = "Pods/Target Support Files/Pods-NewsAppUITests/Pods-NewsAppUITests.release.xcconfig"; sourceTree = "<group>"; };
		F6358AF2054880F66A15718C /* Pods_NewsAppTests.framework */ = {isa = PBXFileReference; explicitFileType = wrapper.framework; includeInIndex = 0; path = Pods_NewsAppTests.framework; sourceTree = BUILT_PRODUCTS_DIR; };
		FE9AA216BF2AB8B52805D6C8 /* Pods-NewsAppUITests.debug.xcconfig */ = {isa = PBXFileReference; includeInIndex = 1; lastKnownFileType = text.xcconfig; name = "Pods-NewsAppUITests.debug.xcconfig"; path = "Pods/Target Support Files/Pods-NewsAppUITests/Pods-NewsAppUITests.debug.xcconfig"; sourceTree = "<group>"; };
/* End PBXFileReference section */

/* Begin PBXFrameworksBuildPhase section */
		3271591823C1F68E00B30554 /* Frameworks */ = {
			isa = PBXFrameworksBuildPhase;
			buildActionMask = 2147483647;
			files = (
				688E4DA6A33A3C76CAD61502 /* Pods_NewsApp.framework in Frameworks */,
			);
			runOnlyForDeploymentPostprocessing = 0;
		};
		3271592C23C1F69000B30554 /* Frameworks */ = {
			isa = PBXFrameworksBuildPhase;
			buildActionMask = 2147483647;
			files = (
				0632997490B0EACC86AD8AA0 /* Pods_NewsAppTests.framework in Frameworks */,
			);
			runOnlyForDeploymentPostprocessing = 0;
		};
		3271593723C1F69000B30554 /* Frameworks */ = {
			isa = PBXFrameworksBuildPhase;
			buildActionMask = 2147483647;
			files = (
				98123863CCB04279F6F8EE57 /* Pods_NewsAppUITests.framework in Frameworks */,
			);
			runOnlyForDeploymentPostprocessing = 0;
		};
/* End PBXFrameworksBuildPhase section */

/* Begin PBXGroup section */
		320A4F9E23C310FA00E8E6CD /* CustomCells */ = {
			isa = PBXGroup;
			children = (
				320A4F9F23C3111400E8E6CD /* NewsListTableViewCell.swift */,
				320A4FAB23C363DB00E8E6CD /* NewsDetailImageTableViewCell.swift */,
				320A4FAD23C363F000E8E6CD /* NewsDetailDescTableViewCell.swift */,
			);
			path = CustomCells;
			sourceTree = "<group>";
		};
		320A4FA123C31E0F00E8E6CD /* Network */ = {
			isa = PBXGroup;
			children = (
				320A4FA223C31FAB00E8E6CD /* NewsDataManager.swift */,
				320A4FA423C31FB900E8E6CD /* NewsAPIClient.swift */,
			);
			path = Network;
			sourceTree = "<group>";
		};
		320A4FA823C3214300E8E6CD /* News */ = {
			isa = PBXGroup;
			children = (
				320A4FA923C3215300E8E6CD /* NewsListViewModel.swift */,
			);
			path = News;
			sourceTree = "<group>";
		};
		3271591223C1F68E00B30554 = {
			isa = PBXGroup;
			children = (
				3271591D23C1F68E00B30554 /* NewsApp */,
				3271593223C1F69000B30554 /* NewsAppTests */,
				3271593D23C1F69000B30554 /* NewsAppUITests */,
				3271591C23C1F68E00B30554 /* Products */,
				C36B57ECFE3B74BDB7F3B24F /* Pods */,
				E45E8D6B78DA94A2E74D757C /* Frameworks */,
			);
			sourceTree = "<group>";
		};
		3271591C23C1F68E00B30554 /* Products */ = {
			isa = PBXGroup;
			children = (
				3271591B23C1F68E00B30554 /* NewsApp.app */,
				3271592F23C1F69000B30554 /* NewsAppTests.xctest */,
				3271593A23C1F69000B30554 /* NewsAppUITests.xctest */,
			);
			name = Products;
			sourceTree = "<group>";
		};
		3271591D23C1F68E00B30554 /* NewsApp */ = {
			isa = PBXGroup;
			children = (
				32A6343323C3B1CD0011720B /* Utilities */,
				320A4FA123C31E0F00E8E6CD /* Network */,
				320A4F9E23C310FA00E8E6CD /* CustomCells */,
				3271596623C2172600B30554 /* Font */,
				3271595823C201FE00B30554 /* Model */,
				3271595723C201F400B30554 /* ViewModel */,
				3271595623C201ED00B30554 /* Controller */,
				3271595523C201E300B30554 /* View */,
				3271591E23C1F68E00B30554 /* AppDelegate.swift */,
				3271592523C1F69000B30554 /* Assets.xcassets */,
				3271592723C1F69000B30554 /* LaunchScreen.storyboard */,
				3271592A23C1F69000B30554 /* Info.plist */,
			);
			path = NewsApp;
			sourceTree = "<group>";
		};
		3271593223C1F69000B30554 /* NewsAppTests */ = {
			isa = PBXGroup;
			children = (
				3271593323C1F69000B30554 /* NewsAppTests.swift */,
				3271593523C1F69000B30554 /* Info.plist */,
			);
			path = NewsAppTests;
			sourceTree = "<group>";
		};
		3271593D23C1F69000B30554 /* NewsAppUITests */ = {
			isa = PBXGroup;
			children = (
				3271593E23C1F69100B30554 /* NewsAppUITests.swift */,
				3271594023C1F69100B30554 /* Info.plist */,
			);
			path = NewsAppUITests;
			sourceTree = "<group>";
		};
		3271595523C201E300B30554 /* View */ = {
			isa = PBXGroup;
			children = (
				3271592223C1F68E00B30554 /* Main.storyboard */,
			);
			path = View;
			sourceTree = "<group>";
		};
		3271595623C201ED00B30554 /* Controller */ = {
			isa = PBXGroup;
			children = (
				3271595B23C2025100B30554 /* News */,
				3271595A23C2024B00B30554 /* User */,
				3271595923C2024300B30554 /* Onboarding */,
			);
			path = Controller;
			sourceTree = "<group>";
		};
		3271595723C201F400B30554 /* ViewModel */ = {
			isa = PBXGroup;
			children = (
				320A4FA823C3214300E8E6CD /* News */,
			);
			path = ViewModel;
			sourceTree = "<group>";
		};
		3271595823C201FE00B30554 /* Model */ = {
			isa = PBXGroup;
			children = (
				320A4FA623C31FEE00E8E6CD /* News.swift */,
			);
			path = Model;
			sourceTree = "<group>";
		};
		3271595923C2024300B30554 /* Onboarding */ = {
			isa = PBXGroup;
			children = (
				3271595C23C20C8B00B30554 /* LandingViewController.swift */,
			);
			path = Onboarding;
			sourceTree = "<group>";
		};
		3271595A23C2024B00B30554 /* User */ = {
			isa = PBXGroup;
			children = (
				3271595E23C20DD500B30554 /* SignInViewController.swift */,
				3271596023C20DEE00B30554 /* SignUpViewController.swift */,
			);
			path = User;
			sourceTree = "<group>";
		};
		3271595B23C2025100B30554 /* News */ = {
			isa = PBXGroup;
			children = (
				3271596223C20F8300B30554 /* NewsListViewController.swift */,
				3271596423C210C800B30554 /* NewsDetailViewController.swift */,
			);
			path = News;
			sourceTree = "<group>";
		};
		3271596623C2172600B30554 /* Font */ = {
			isa = PBXGroup;
			children = (
				3271596923C218A200B30554 /* MyriadPro-Bold.otf */,
				3271596823C218A200B30554 /* MyriadPro-Light.otf */,
				3271596723C218A200B30554 /* MyriadPro-Regular.otf */,
			);
			path = Font;
			sourceTree = "<group>";
		};
		32A6343323C3B1CD0011720B /* Utilities */ = {
			isa = PBXGroup;
			children = (
				32A6343423C3B2BF0011720B /* NewsUtil.swift */,
				32A6343623C3B3A30011720B /* KeychainService.swift */,
			);
			path = Utilities;
			sourceTree = "<group>";
		};
		C36B57ECFE3B74BDB7F3B24F /* Pods */ = {
			isa = PBXGroup;
			children = (
				05172E64914A3A7303E092EA /* Pods-NewsApp.debug.xcconfig */,
				AE991D4CFB4645EA2E8D0252 /* Pods-NewsApp.release.xcconfig */,
				94ED92EF45E744635B6D9214 /* Pods-NewsAppTests.debug.xcconfig */,
				CCD24579CE7BB39CE41B2579 /* Pods-NewsAppTests.release.xcconfig */,
				FE9AA216BF2AB8B52805D6C8 /* Pods-NewsAppUITests.debug.xcconfig */,
				EE402BFE32037ECAE4BA077B /* Pods-NewsAppUITests.release.xcconfig */,
			);
			name = Pods;
			sourceTree = "<group>";
		};
		E45E8D6B78DA94A2E74D757C /* Frameworks */ = {
			isa = PBXGroup;
			children = (
				834943A3925FDA0FEF495ADE /* Pods_NewsApp.framework */,
				F6358AF2054880F66A15718C /* Pods_NewsAppTests.framework */,
				CA8E84C4738051E3FE6F95C0 /* Pods_NewsAppUITests.framework */,
			);
			name = Frameworks;
			sourceTree = "<group>";
		};
/* End PBXGroup section */

/* Begin PBXNativeTarget section */
		3271591A23C1F68E00B30554 /* NewsApp */ = {
			isa = PBXNativeTarget;
			buildConfigurationList = 3271594323C1F69100B30554 /* Build configuration list for PBXNativeTarget "NewsApp" */;
			buildPhases = (
				7F268CAB0398DC03229C1494 /* [CP] Check Pods Manifest.lock */,
				3271591723C1F68E00B30554 /* Sources */,
				3271591823C1F68E00B30554 /* Frameworks */,
				3271591923C1F68E00B30554 /* Resources */,
				122910F289AF639AA854FBD7 /* [CP] Embed Pods Frameworks */,
			);
			buildRules = (
			);
			dependencies = (
			);
			name = NewsApp;
			productName = NewsApp;
			productReference = 3271591B23C1F68E00B30554 /* NewsApp.app */;
			productType = "com.apple.product-type.application";
		};
		3271592E23C1F69000B30554 /* NewsAppTests */ = {
			isa = PBXNativeTarget;
			buildConfigurationList = 3271594623C1F69100B30554 /* Build configuration list for PBXNativeTarget "NewsAppTests" */;
			buildPhases = (
				7CB596013E9999B60E97E804 /* [CP] Check Pods Manifest.lock */,
				3271592B23C1F69000B30554 /* Sources */,
				3271592C23C1F69000B30554 /* Frameworks */,
				3271592D23C1F69000B30554 /* Resources */,
			);
			buildRules = (
			);
			dependencies = (
				3271593123C1F69000B30554 /* PBXTargetDependency */,
			);
			name = NewsAppTests;
			productName = NewsAppTests;
			productReference = 3271592F23C1F69000B30554 /* NewsAppTests.xctest */;
			productType = "com.apple.product-type.bundle.unit-test";
		};
		3271593923C1F69000B30554 /* NewsAppUITests */ = {
			isa = PBXNativeTarget;
			buildConfigurationList = 3271594923C1F69100B30554 /* Build configuration list for PBXNativeTarget "NewsAppUITests" */;
			buildPhases = (
				C4A16B20ADB30F6366E9358D /* [CP] Check Pods Manifest.lock */,
				3271593623C1F69000B30554 /* Sources */,
				3271593723C1F69000B30554 /* Frameworks */,
				3271593823C1F69000B30554 /* Resources */,
			);
			buildRules = (
			);
			dependencies = (
				3271593C23C1F69000B30554 /* PBXTargetDependency */,
			);
			name = NewsAppUITests;
			productName = NewsAppUITests;
			productReference = 3271593A23C1F69000B30554 /* NewsAppUITests.xctest */;
			productType = "com.apple.product-type.bundle.ui-testing";
		};
/* End PBXNativeTarget section */

/* Begin PBXProject section */
		3271591323C1F68E00B30554 /* Project object */ = {
			isa = PBXProject;
			attributes = {
				LastSwiftUpdateCheck = 1030;
				LastUpgradeCheck = 1030;
				ORGANIZATIONNAME = Aditya;
				TargetAttributes = {
					3271591A23C1F68E00B30554 = {
						CreatedOnToolsVersion = 10.3;
					};
					3271592E23C1F69000B30554 = {
						CreatedOnToolsVersion = 10.3;
						TestTargetID = 3271591A23C1F68E00B30554;
					};
					3271593923C1F69000B30554 = {
						CreatedOnToolsVersion = 10.3;
						TestTargetID = 3271591A23C1F68E00B30554;
					};
				};
			};
			buildConfigurationList = 3271591623C1F68E00B30554 /* Build configuration list for PBXProject "NewsApp" */;
			compatibilityVersion = "Xcode 9.3";
			developmentRegion = en;
			hasScannedForEncodings = 0;
			knownRegions = (
				en,
				Base,
			);
			mainGroup = 3271591223C1F68E00B30554;
			productRefGroup = 3271591C23C1F68E00B30554 /* Products */;
			projectDirPath = "";
			projectRoot = "";
			targets = (
				3271591A23C1F68E00B30554 /* NewsApp */,
				3271592E23C1F69000B30554 /* NewsAppTests */,
				3271593923C1F69000B30554 /* NewsAppUITests */,
			);
		};
/* End PBXProject section */

/* Begin PBXResourcesBuildPhase section */
		3271591923C1F68E00B30554 /* Resources */ = {
			isa = PBXResourcesBuildPhase;
			buildActionMask = 2147483647;
			files = (
				3271596A23C2191600B30554 /* MyriadPro-Bold.otf in Resources */,
				3271596B23C2191600B30554 /* MyriadPro-Light.otf in Resources */,
				3271596C23C2191600B30554 /* MyriadPro-Regular.otf in Resources */,
				3271592923C1F69000B30554 /* LaunchScreen.storyboard in Resources */,
				3271592623C1F69000B30554 /* Assets.xcassets in Resources */,
				3271592423C1F68E00B30554 /* Main.storyboard in Resources */,
			);
			runOnlyForDeploymentPostprocessing = 0;
		};
		3271592D23C1F69000B30554 /* Resources */ = {
			isa = PBXResourcesBuildPhase;
			buildActionMask = 2147483647;
			files = (
			);
			runOnlyForDeploymentPostprocessing = 0;
		};
		3271593823C1F69000B30554 /* Resources */ = {
			isa = PBXResourcesBuildPhase;
			buildActionMask = 2147483647;
			files = (
			);
			runOnlyForDeploymentPostprocessing = 0;
		};
/* End PBXResourcesBuildPhase section */

/* Begin PBXShellScriptBuildPhase section */
		122910F289AF639AA854FBD7 /* [CP] Embed Pods Frameworks */ = {
			isa = PBXShellScriptBuildPhase;
			buildActionMask = 2147483647;
			files = (
			);
			inputFileListPaths = (
				"${PODS_ROOT}/Target Support Files/Pods-NewsApp/Pods-NewsApp-frameworks-${CONFIGURATION}-input-files.xcfilelist",
			);
			name = "[CP] Embed Pods Frameworks";
			outputFileListPaths = (
				"${PODS_ROOT}/Target Support Files/Pods-NewsApp/Pods-NewsApp-frameworks-${CONFIGURATION}-output-files.xcfilelist",
			);
			runOnlyForDeploymentPostprocessing = 0;
			shellPath = /bin/sh;
			shellScript = "\"${PODS_ROOT}/Target Support Files/Pods-NewsApp/Pods-NewsApp-frameworks.sh\"\n";
			showEnvVarsInLog = 0;
		};
		7CB596013E9999B60E97E804 /* [CP] Check Pods Manifest.lock */ = {
			isa = PBXShellScriptBuildPhase;
			buildActionMask = 2147483647;
			files = (
			);
			inputFileListPaths = (
			);
			inputPaths = (
				"${PODS_PODFILE_DIR_PATH}/Podfile.lock",
				"${PODS_ROOT}/Manifest.lock",
			);
			name = "[CP] Check Pods Manifest.lock";
			outputFileListPaths = (
			);
			outputPaths = (
				"$(DERIVED_FILE_DIR)/Pods-NewsAppTests-checkManifestLockResult.txt",
			);
			runOnlyForDeploymentPostprocessing = 0;
			shellPath = /bin/sh;
			shellScript = "diff \"${PODS_PODFILE_DIR_PATH}/Podfile.lock\" \"${PODS_ROOT}/Manifest.lock\" > /dev/null\nif [ $? != 0 ] ; then\n    # print error to STDERR\n    echo \"error: The sandbox is not in sync with the Podfile.lock. Run 'pod install' or update your CocoaPods installation.\" >&2\n    exit 1\nfi\n# This output is used by Xcode 'outputs' to avoid re-running this script phase.\necho \"SUCCESS\" > \"${SCRIPT_OUTPUT_FILE_0}\"\n";
			showEnvVarsInLog = 0;
		};
		7F268CAB0398DC03229C1494 /* [CP] Check Pods Manifest.lock */ = {
			isa = PBXShellScriptBuildPhase;
			buildActionMask = 2147483647;
			files = (
			);
			inputFileListPaths = (
			);
			inputPaths = (
				"${PODS_PODFILE_DIR_PATH}/Podfile.lock",
				"${PODS_ROOT}/Manifest.lock",
			);
			name = "[CP] Check Pods Manifest.lock";
			outputFileListPaths = (
			);
			outputPaths = (
				"$(DERIVED_FILE_DIR)/Pods-NewsApp-checkManifestLockResult.txt",
			);
			runOnlyForDeploymentPostprocessing = 0;
			shellPath = /bin/sh;
			shellScript = "diff \"${PODS_PODFILE_DIR_PATH}/Podfile.lock\" \"${PODS_ROOT}/Manifest.lock\" > /dev/null\nif [ $? != 0 ] ; then\n    # print error to STDERR\n    echo \"error: The sandbox is not in sync with the Podfile.lock. Run 'pod install' or update your CocoaPods installation.\" >&2\n    exit 1\nfi\n# This output is used by Xcode 'outputs' to avoid re-running this script phase.\necho \"SUCCESS\" > \"${SCRIPT_OUTPUT_FILE_0}\"\n";
			showEnvVarsInLog = 0;
		};
		C4A16B20ADB30F6366E9358D /* [CP] Check Pods Manifest.lock */ = {
			isa = PBXShellScriptBuildPhase;
			buildActionMask = 2147483647;
			files = (
			);
			inputFileListPaths = (
			);
			inputPaths = (
				"${PODS_PODFILE_DIR_PATH}/Podfile.lock",
				"${PODS_ROOT}/Manifest.lock",
			);
			name = "[CP] Check Pods Manifest.lock";
			outputFileListPaths = (
			);
			outputPaths = (
				"$(DERIVED_FILE_DIR)/Pods-NewsAppUITests-checkManifestLockResult.txt",
			);
			runOnlyForDeploymentPostprocessing = 0;
			shellPath = /bin/sh;
			shellScript = "diff \"${PODS_PODFILE_DIR_PATH}/Podfile.lock\" \"${PODS_ROOT}/Manifest.lock\" > /dev/null\nif [ $? != 0 ] ; then\n    # print error to STDERR\n    echo \"error: The sandbox is not in sync with the Podfile.lock. Run 'pod install' or update your CocoaPods installation.\" >&2\n    exit 1\nfi\n# This output is used by Xcode 'outputs' to avoid re-running this script phase.\necho \"SUCCESS\" > \"${SCRIPT_OUTPUT_FILE_0}\"\n";
			showEnvVarsInLog = 0;
		};
/* End PBXShellScriptBuildPhase section */

/* Begin PBXSourcesBuildPhase section */
		3271591723C1F68E00B30554 /* Sources */ = {
			isa = PBXSourcesBuildPhase;
			buildActionMask = 2147483647;
			files = (
				32A6343523C3B2BF0011720B /* NewsUtil.swift in Sources */,
				320A4FAA23C3215300E8E6CD /* NewsListViewModel.swift in Sources */,
				3271596523C210C800B30554 /* NewsDetailViewController.swift in Sources */,
				3271596323C20F8300B30554 /* NewsListViewController.swift in Sources */,
				320A4FA323C31FAB00E8E6CD /* NewsDataManager.swift in Sources */,
				320A4FAE23C363F000E8E6CD /* NewsDetailDescTableViewCell.swift in Sources */,
				3271595D23C20C8B00B30554 /* LandingViewController.swift in Sources */,
				3271591F23C1F68E00B30554 /* AppDelegate.swift in Sources */,
				32A6343723C3B3A30011720B /* KeychainService.swift in Sources */,
				3271596123C20DEE00B30554 /* SignUpViewController.swift in Sources */,
				320A4FA523C31FB900E8E6CD /* NewsAPIClient.swift in Sources */,
				320A4FA023C3111400E8E6CD /* NewsListTableViewCell.swift in Sources */,
				320A4FA723C31FEE00E8E6CD /* News.swift in Sources */,
				3271595F23C20DD500B30554 /* SignInViewController.swift in Sources */,
				320A4FAC23C363DB00E8E6CD /* NewsDetailImageTableViewCell.swift in Sources */,
			);
			runOnlyForDeploymentPostprocessing = 0;
		};
		3271592B23C1F69000B30554 /* Sources */ = {
			isa = PBXSourcesBuildPhase;
			buildActionMask = 2147483647;
			files = (
				3271593423C1F69000B30554 /* NewsAppTests.swift in Sources */,
			);
			runOnlyForDeploymentPostprocessing = 0;
		};
		3271593623C1F69000B30554 /* Sources */ = {
			isa = PBXSourcesBuildPhase;
			buildActionMask = 2147483647;
			files = (
				3271593F23C1F69100B30554 /* NewsAppUITests.swift in Sources */,
			);
			runOnlyForDeploymentPostprocessing = 0;
		};
/* End PBXSourcesBuildPhase section */

/* Begin PBXTargetDependency section */
		3271593123C1F69000B30554 /* PBXTargetDependency */ = {
			isa = PBXTargetDependency;
			target = 3271591A23C1F68E00B30554 /* NewsApp */;
			targetProxy = 3271593023C1F69000B30554 /* PBXContainerItemProxy */;
		};
		3271593C23C1F69000B30554 /* PBXTargetDependency */ = {
			isa = PBXTargetDependency;
			target = 3271591A23C1F68E00B30554 /* NewsApp */;
			targetProxy = 3271593B23C1F69000B30554 /* PBXContainerItemProxy */;
		};
/* End PBXTargetDependency section */

/* Begin PBXVariantGroup section */
		3271592223C1F68E00B30554 /* Main.storyboard */ = {
			isa = PBXVariantGroup;
			children = (
				3271592323C1F68E00B30554 /* Base */,
			);
			name = Main.storyboard;
			sourceTree = "<group>";
		};
		3271592723C1F69000B30554 /* LaunchScreen.storyboard */ = {
			isa = PBXVariantGroup;
			children = (
				3271592823C1F69000B30554 /* Base */,
			);
			name = LaunchScreen.storyboard;
			sourceTree = "<group>";
		};
/* End PBXVariantGroup section */

/* Begin XCBuildConfiguration section */
		3271594123C1F69100B30554 /* Debug */ = {
			isa = XCBuildConfiguration;
			buildSettings = {
				ALWAYS_SEARCH_USER_PATHS = NO;
				CLANG_ANALYZER_NONNULL = YES;
				CLANG_ANALYZER_NUMBER_OBJECT_CONVERSION = YES_AGGRESSIVE;
				CLANG_CXX_LANGUAGE_STANDARD = "gnu++14";
				CLANG_CXX_LIBRARY = "libc++";
				CLANG_ENABLE_MODULES = YES;
				CLANG_ENABLE_OBJC_ARC = YES;
				CLANG_ENABLE_OBJC_WEAK = YES;
				CLANG_WARN_BLOCK_CAPTURE_AUTORELEASING = YES;
				CLANG_WARN_BOOL_CONVERSION = YES;
				CLANG_WARN_COMMA = YES;
				CLANG_WARN_CONSTANT_CONVERSION = YES;
				CLANG_WARN_DEPRECATED_OBJC_IMPLEMENTATIONS = YES;
				CLANG_WARN_DIRECT_OBJC_ISA_USAGE = YES_ERROR;
				CLANG_WARN_DOCUMENTATION_COMMENTS = YES;
				CLANG_WARN_EMPTY_BODY = YES;
				CLANG_WARN_ENUM_CONVERSION = YES;
				CLANG_WARN_INFINITE_RECURSION = YES;
				CLANG_WARN_INT_CONVERSION = YES;
				CLANG_WARN_NON_LITERAL_NULL_CONVERSION = YES;
				CLANG_WARN_OBJC_IMPLICIT_RETAIN_SELF = YES;
				CLANG_WARN_OBJC_LITERAL_CONVERSION = YES;
				CLANG_WARN_OBJC_ROOT_CLASS = YES_ERROR;
				CLANG_WARN_RANGE_LOOP_ANALYSIS = YES;
				CLANG_WARN_STRICT_PROTOTYPES = YES;
				CLANG_WARN_SUSPICIOUS_MOVE = YES;
				CLANG_WARN_UNGUARDED_AVAILABILITY = YES_AGGRESSIVE;
				CLANG_WARN_UNREACHABLE_CODE = YES;
				CLANG_WARN__DUPLICATE_METHOD_MATCH = YES;
				CODE_SIGN_IDENTITY = "iPhone Developer";
				COPY_PHASE_STRIP = NO;
				DEBUG_INFORMATION_FORMAT = dwarf;
				ENABLE_STRICT_OBJC_MSGSEND = YES;
				ENABLE_TESTABILITY = YES;
				GCC_C_LANGUAGE_STANDARD = gnu11;
				GCC_DYNAMIC_NO_PIC = NO;
				GCC_NO_COMMON_BLOCKS = YES;
				GCC_OPTIMIZATION_LEVEL = 0;
				GCC_PREPROCESSOR_DEFINITIONS = (
					"DEBUG=1",
					"$(inherited)",
				);
				GCC_WARN_64_TO_32_BIT_CONVERSION = YES;
				GCC_WARN_ABOUT_RETURN_TYPE = YES_ERROR;
				GCC_WARN_UNDECLARED_SELECTOR = YES;
				GCC_WARN_UNINITIALIZED_AUTOS = YES_AGGRESSIVE;
				GCC_WARN_UNUSED_FUNCTION = YES;
				GCC_WARN_UNUSED_VARIABLE = YES;
				IPHONEOS_DEPLOYMENT_TARGET = 12.4;
				MTL_ENABLE_DEBUG_INFO = INCLUDE_SOURCE;
				MTL_FAST_MATH = YES;
				ONLY_ACTIVE_ARCH = YES;
				SDKROOT = iphoneos;
				SWIFT_ACTIVE_COMPILATION_CONDITIONS = DEBUG;
				SWIFT_OPTIMIZATION_LEVEL = "-Onone";
			};
			name = Debug;
		};
		3271594223C1F69100B30554 /* Release */ = {
			isa = XCBuildConfiguration;
			buildSettings = {
				ALWAYS_SEARCH_USER_PATHS = NO;
				CLANG_ANALYZER_NONNULL = YES;
				CLANG_ANALYZER_NUMBER_OBJECT_CONVERSION = YES_AGGRESSIVE;
				CLANG_CXX_LANGUAGE_STANDARD = "gnu++14";
				CLANG_CXX_LIBRARY = "libc++";
				CLANG_ENABLE_MODULES = YES;
				CLANG_ENABLE_OBJC_ARC = YES;
				CLANG_ENABLE_OBJC_WEAK = YES;
				CLANG_WARN_BLOCK_CAPTURE_AUTORELEASING = YES;
				CLANG_WARN_BOOL_CONVERSION = YES;
				CLANG_WARN_COMMA = YES;
				CLANG_WARN_CONSTANT_CONVERSION = YES;
				CLANG_WARN_DEPRECATED_OBJC_IMPLEMENTATIONS = YES;
				CLANG_WARN_DIRECT_OBJC_ISA_USAGE = YES_ERROR;
				CLANG_WARN_DOCUMENTATION_COMMENTS = YES;
				CLANG_WARN_EMPTY_BODY = YES;
				CLANG_WARN_ENUM_CONVERSION = YES;
				CLANG_WARN_INFINITE_RECURSION = YES;
				CLANG_WARN_INT_CONVERSION = YES;
				CLANG_WARN_NON_LITERAL_NULL_CONVERSION = YES;
				CLANG_WARN_OBJC_IMPLICIT_RETAIN_SELF = YES;
				CLANG_WARN_OBJC_LITERAL_CONVERSION = YES;
				CLANG_WARN_OBJC_ROOT_CLASS = YES_ERROR;
				CLANG_WARN_RANGE_LOOP_ANALYSIS = YES;
				CLANG_WARN_STRICT_PROTOTYPES = YES;
				CLANG_WARN_SUSPICIOUS_MOVE = YES;
				CLANG_WARN_UNGUARDED_AVAILABILITY = YES_AGGRESSIVE;
				CLANG_WARN_UNREACHABLE_CODE = YES;
				CLANG_WARN__DUPLICATE_METHOD_MATCH = YES;
				CODE_SIGN_IDENTITY = "iPhone Developer";
				COPY_PHASE_STRIP = NO;
				DEBUG_INFORMATION_FORMAT = "dwarf-with-dsym";
				ENABLE_NS_ASSERTIONS = NO;
				ENABLE_STRICT_OBJC_MSGSEND = YES;
				GCC_C_LANGUAGE_STANDARD = gnu11;
				GCC_NO_COMMON_BLOCKS = YES;
				GCC_WARN_64_TO_32_BIT_CONVERSION = YES;
				GCC_WARN_ABOUT_RETURN_TYPE = YES_ERROR;
				GCC_WARN_UNDECLARED_SELECTOR = YES;
				GCC_WARN_UNINITIALIZED_AUTOS = YES_AGGRESSIVE;
				GCC_WARN_UNUSED_FUNCTION = YES;
				GCC_WARN_UNUSED_VARIABLE = YES;
				IPHONEOS_DEPLOYMENT_TARGET = 12.4;
				MTL_ENABLE_DEBUG_INFO = NO;
				MTL_FAST_MATH = YES;
				SDKROOT = iphoneos;
				SWIFT_COMPILATION_MODE = wholemodule;
				SWIFT_OPTIMIZATION_LEVEL = "-O";
				VALIDATE_PRODUCT = YES;
			};
			name = Release;
		};
		3271594423C1F69100B30554 /* Debug */ = {
			isa = XCBuildConfiguration;
			baseConfigurationReference = 05172E64914A3A7303E092EA /* Pods-NewsApp.debug.xcconfig */;
			buildSettings = {
				ASSETCATALOG_COMPILER_APPICON_NAME = AppIcon;
				CODE_SIGN_STYLE = Automatic;
				DEVELOPMENT_TEAM = 97U9G4FC62;
				INFOPLIST_FILE = NewsApp/Info.plist;
				LD_RUNPATH_SEARCH_PATHS = (
					"$(inherited)",
					"@executable_path/Frameworks",
				);
				PRODUCT_BUNDLE_IDENTIFIER = com.aditya.realmdemo.NewsApp;
				PRODUCT_NAME = "$(TARGET_NAME)";
				SWIFT_VERSION = 5.0;
				TARGETED_DEVICE_FAMILY = "1,2";
			};
			name = Debug;
		};
		3271594523C1F69100B30554 /* Release */ = {
			isa = XCBuildConfiguration;
			baseConfigurationReference = AE991D4CFB4645EA2E8D0252 /* Pods-NewsApp.release.xcconfig */;
			buildSettings = {
				ASSETCATALOG_COMPILER_APPICON_NAME = AppIcon;
				CODE_SIGN_STYLE = Automatic;
				DEVELOPMENT_TEAM = 97U9G4FC62;
				INFOPLIST_FILE = NewsApp/Info.plist;
				LD_RUNPATH_SEARCH_PATHS = (
					"$(inherited)",
					"@executable_path/Frameworks",
				);
				PRODUCT_BUNDLE_IDENTIFIER = com.aditya.realmdemo.NewsApp;
				PRODUCT_NAME = "$(TARGET_NAME)";
				SWIFT_VERSION = 5.0;
				TARGETED_DEVICE_FAMILY = "1,2";
			};
			name = Release;
		};
		3271594723C1F69100B30554 /* Debug */ = {
			isa = XCBuildConfiguration;
			baseConfigurationReference = 94ED92EF45E744635B6D9214 /* Pods-NewsAppTests.debug.xcconfig */;
			buildSettings = {
				ALWAYS_EMBED_SWIFT_STANDARD_LIBRARIES = YES;
				BUNDLE_LOADER = "$(TEST_HOST)";
				CODE_SIGN_STYLE = Automatic;
				DEVELOPMENT_TEAM = 97U9G4FC62;
				INFOPLIST_FILE = NewsAppTests/Info.plist;
				LD_RUNPATH_SEARCH_PATHS = (
					"$(inherited)",
					"@executable_path/Frameworks",
					"@loader_path/Frameworks",
				);
				PRODUCT_BUNDLE_IDENTIFIER = com.aditya.realmdemo.NewsAppTests;
				PRODUCT_NAME = "$(TARGET_NAME)";
				SWIFT_VERSION = 5.0;
				TARGETED_DEVICE_FAMILY = "1,2";
				TEST_HOST = "$(BUILT_PRODUCTS_DIR)/NewsApp.app/NewsApp";
			};
			name = Debug;
		};
		3271594823C1F69100B30554 /* Release */ = {
			isa = XCBuildConfiguration;
			baseConfigurationReference = CCD24579CE7BB39CE41B2579 /* Pods-NewsAppTests.release.xcconfig */;
			buildSettings = {
				ALWAYS_EMBED_SWIFT_STANDARD_LIBRARIES = YES;
				BUNDLE_LOADER = "$(TEST_HOST)";
				CODE_SIGN_STYLE = Automatic;
				DEVELOPMENT_TEAM = 97U9G4FC62;
				INFOPLIST_FILE = NewsAppTests/Info.plist;
				LD_RUNPATH_SEARCH_PATHS = (
					"$(inherited)",
					"@executable_path/Frameworks",
					"@loader_path/Frameworks",
				);
				PRODUCT_BUNDLE_IDENTIFIER = com.aditya.realmdemo.NewsAppTests;
				PRODUCT_NAME = "$(TARGET_NAME)";
				SWIFT_VERSION = 5.0;
				TARGETED_DEVICE_FAMILY = "1,2";
				TEST_HOST = "$(BUILT_PRODUCTS_DIR)/NewsApp.app/NewsApp";
			};
			name = Release;
		};
		3271594A23C1F69100B30554 /* Debug */ = {
			isa = XCBuildConfiguration;
			baseConfigurationReference = FE9AA216BF2AB8B52805D6C8 /* Pods-NewsAppUITests.debug.xcconfig */;
			buildSettings = {
				ALWAYS_EMBED_SWIFT_STANDARD_LIBRARIES = YES;
				CODE_SIGN_STYLE = Automatic;
				DEVELOPMENT_TEAM = 97U9G4FC62;
				INFOPLIST_FILE = NewsAppUITests/Info.plist;
				LD_RUNPATH_SEARCH_PATHS = (
					"$(inherited)",
					"@executable_path/Frameworks",
					"@loader_path/Frameworks",
				);
				PRODUCT_BUNDLE_IDENTIFIER = com.aditya.realmdemo.NewsAppUITests;
				PRODUCT_NAME = "$(TARGET_NAME)";
				SWIFT_VERSION = 5.0;
				TARGETED_DEVICE_FAMILY = "1,2";
				TEST_TARGET_NAME = NewsApp;
			};
			name = Debug;
		};
		3271594B23C1F69100B30554 /* Release */ = {
			isa = XCBuildConfiguration;
			baseConfigurationReference = EE402BFE32037ECAE4BA077B /* Pods-NewsAppUITests.release.xcconfig */;
			buildSettings = {
				ALWAYS_EMBED_SWIFT_STANDARD_LIBRARIES = YES;
				CODE_SIGN_STYLE = Automatic;
				DEVELOPMENT_TEAM = 97U9G4FC62;
				INFOPLIST_FILE = NewsAppUITests/Info.plist;
				LD_RUNPATH_SEARCH_PATHS = (
					"$(inherited)",
					"@executable_path/Frameworks",
					"@loader_path/Frameworks",
				);
				PRODUCT_BUNDLE_IDENTIFIER = com.aditya.realmdemo.NewsAppUITests;
				PRODUCT_NAME = "$(TARGET_NAME)";
				SWIFT_VERSION = 5.0;
				TARGETED_DEVICE_FAMILY = "1,2";
				TEST_TARGET_NAME = NewsApp;
			};
			name = Release;
		};
/* End XCBuildConfiguration section */

/* Begin XCConfigurationList section */
		3271591623C1F68E00B30554 /* Build configuration list for PBXProject "NewsApp" */ = {
			isa = XCConfigurationList;
			buildConfigurations = (
				3271594123C1F69100B30554 /* Debug */,
				3271594223C1F69100B30554 /* Release */,
			);
			defaultConfigurationIsVisible = 0;
			defaultConfigurationName = Release;
		};
		3271594323C1F69100B30554 /* Build configuration list for PBXNativeTarget "NewsApp" */ = {
			isa = XCConfigurationList;
			buildConfigurations = (
				3271594423C1F69100B30554 /* Debug */,
				3271594523C1F69100B30554 /* Release */,
			);
			defaultConfigurationIsVisible = 0;
			defaultConfigurationName = Release;
		};
		3271594623C1F69100B30554 /* Build configuration list for PBXNativeTarget "NewsAppTests" */ = {
			isa = XCConfigurationList;
			buildConfigurations = (
				3271594723C1F69100B30554 /* Debug */,
				3271594823C1F69100B30554 /* Release */,
			);
			defaultConfigurationIsVisible = 0;
			defaultConfigurationName = Release;
		};
		3271594923C1F69100B30554 /* Build configuration list for PBXNativeTarget "NewsAppUITests" */ = {
			isa = XCConfigurationList;
			buildConfigurations = (
				3271594A23C1F69100B30554 /* Debug */,
				3271594B23C1F69100B30554 /* Release */,
			);
			defaultConfigurationIsVisible = 0;
			defaultConfigurationName = Release;
		};
/* End XCConfigurationList section */
	};
	rootObject = 3271591323C1F68E00B30554 /* Project object */;
}
